
Microsoft Visual Studio Solution File, Format Version 12.00
# Visual Studio Version 17
VisualStudioVersion = 17.3.32901.215
MinimumVisualStudioVersion = 10.0.40219.1
Project("{FAE04EC0-301F-11D3-BF4B-00C04F79EFBC}") = "HrManagementSystem", "HrManagementSystem.csproj", "{4F4ECF48-67A4-41DA-8227-132F9EAAA231}"
EndProject
Global
	GlobalSection(SolutionConfigurationPlatforms) = preSolution
		Debug|Any CPU = Debug|Any CPU
		Release|Any CPU = Release|Any CPU
	EndGlobalSection
	GlobalSection(ProjectConfigurationPlatforms) = postSolution
		{4F4ECF48-67A4-41DA-8227-132F9EAAA231}.Debug|Any CPU.ActiveCfg = Debug|Any CPU
		{4F4ECF48-67A4-41DA-8227-132F9EAAA231}.Debug|Any CPU.Build.0 = Debug|Any CPU
		{4F4ECF48-67A4-41DA-8227-132F9EAAA231}.Release|Any CPU.ActiveCfg = Release|Any CPU
		{4F4ECF48-67A4-41DA-8227-132F9EAAA231}.Release|Any CPU.Build.0 = Release|Any CPU
	EndGlobalSection
	GlobalSection(SolutionProperties) = preSolution
		HideSolutionNode = FALSE
	EndGlobalSection
	GlobalSection(ExtensibilityGlobals) = postSolution
		SolutionGuid = {C039FA1A-9DD3-44E3-B321-40AAD62A2A43}
	EndGlobalSection
EndGlobal
